
Microsoft Visual Studio Solution File, Format Version 12.00
# Visual Studio Version 17
VisualStudioVersion = 17.2.32616.157
MinimumVisualStudioVersion = 10.0.40219.1
Project("{FAE04EC0-301F-11D3-BF4B-00C04F79EFBC}") = "API", "API\API.csproj", "{A39BBDE0-B0ED-4C81-A57A-9384FDE49ECF}"
EndProject
Global
	GlobalSection(SolutionConfigurationPlatforms) = preSolution
		Debug|Any CPU = Debug|Any CPU
		Release|Any CPU = Release|Any CPU
	EndGlobalSection
	GlobalSection(ProjectConfigurationPlatforms) = postSolution
		{A39BBDE0-B0ED-4C81-A57A-9384FDE49ECF}.Debug|Any CPU.ActiveCfg = Debug|Any CPU
		{A39BBDE0-B0ED-4C81-A57A-9384FDE49ECF}.Debug|Any CPU.Build.0 = Debug|Any CPU
		{A39BBDE0-B0ED-4C81-A57A-9384FDE49ECF}.Release|Any CPU.ActiveCfg = Release|Any CPU
		{A39BBDE0-B0ED-4C81-A57A-9384FDE49ECF}.Release|Any CPU.Build.0 = Release|Any CPU
	EndGlobalSection
	GlobalSection(SolutionProperties) = preSolution
		HideSolutionNode = FALSE
	EndGlobalSection
	GlobalSection(ExtensibilityGlobals) = postSolution
		SolutionGuid = {69DF5C67-0F2A-4AB6-A4C8-F6088655C51D}
	EndGlobalSection
EndGlobal
